
Microsoft Visual Studio Solution File, Format Version 12.00
# Visual Studio Version 17
VisualStudioVersion = 17.14.36310.24
MinimumVisualStudioVersion = 10.0.40219.1
Project("{FAE04EC0-301F-11D3-BF4B-00C04F79EFBC}") = "BrowserExtension1", "BrowserExtension1\BrowserExtension1.csproj", "{DCB9533A-6C25-94E4-0558-DAD977668290}"
EndProject
Project("{FAE04EC0-301F-11D3-BF4B-00C04F79EFBC}") = "BrowserExtension2", "BrowserExtension2\BrowserExtension2.csproj", "{88A9DE6C-E7C0-4407-8CB9-D57C3890B58B}"
EndProject
Project("{FAE04EC0-301F-11D3-BF4B-00C04F79EFBC}") = "BrowserExtension3", "BrowserExtension3\BrowserExtension3.csproj", "{0F5066AE-70B2-DA0F-10E4-FBA0FCB95F18}"
EndProject
Project("{FAE04EC0-301F-11D3-BF4B-00C04F79EFBC}") = "BrowserExtension4", "BrowserExtension4\BrowserExtension4.csproj", "{6A49CA98-6672-5D17-4136-061E688E16E1}"
EndProject
Global
	GlobalSection(SolutionConfigurationPlatforms) = preSolution
		Debug|Any CPU = Debug|Any CPU
		Release|Any CPU = Release|Any CPU
	EndGlobalSection
	GlobalSection(ProjectConfigurationPlatforms) = postSolution
		{DCB9533A-6C25-94E4-0558-DAD977668290}.Debug|Any CPU.ActiveCfg = Debug|Any CPU
		{DCB9533A-6C25-94E4-0558-DAD977668290}.Debug|Any CPU.Build.0 = Debug|Any CPU
		{DCB9533A-6C25-94E4-0558-DAD977668290}.Release|Any CPU.ActiveCfg = Release|Any CPU
		{DCB9533A-6C25-94E4-0558-DAD977668290}.Release|Any CPU.Build.0 = Release|Any CPU
		{88A9DE6C-E7C0-4407-8CB9-D57C3890B58B}.Debug|Any CPU.ActiveCfg = Debug|Any CPU
		{88A9DE6C-E7C0-4407-8CB9-D57C3890B58B}.Debug|Any CPU.Build.0 = Debug|Any CPU
		{88A9DE6C-E7C0-4407-8CB9-D57C3890B58B}.Release|Any CPU.ActiveCfg = Release|Any CPU
		{88A9DE6C-E7C0-4407-8CB9-D57C3890B58B}.Release|Any CPU.Build.0 = Release|Any CPU
		{0F5066AE-70B2-DA0F-10E4-FBA0FCB95F18}.Debug|Any CPU.ActiveCfg = Debug|Any CPU
		{0F5066AE-70B2-DA0F-10E4-FBA0FCB95F18}.Debug|Any CPU.Build.0 = Debug|Any CPU
		{0F5066AE-70B2-DA0F-10E4-FBA0FCB95F18}.Release|Any CPU.ActiveCfg = Release|Any CPU
		{0F5066AE-70B2-DA0F-10E4-FBA0FCB95F18}.Release|Any CPU.Build.0 = Release|Any CPU
		{6A49CA98-6672-5D17-4136-061E688E16E1}.Debug|Any CPU.ActiveCfg = Debug|Any CPU
		{6A49CA98-6672-5D17-4136-061E688E16E1}.Debug|Any CPU.Build.0 = Debug|Any CPU
		{6A49CA98-6672-5D17-4136-061E688E16E1}.Release|Any CPU.ActiveCfg = Release|Any CPU
		{6A49CA98-6672-5D17-4136-061E688E16E1}.Release|Any CPU.Build.0 = Release|Any CPU
	EndGlobalSection
	GlobalSection(SolutionProperties) = preSolution
		HideSolutionNode = FALSE
	EndGlobalSection
	GlobalSection(ExtensibilityGlobals) = postSolution
		SolutionGuid = {A0BA1734-085B-4E73-9ED0-CCCDFC32D572}
	EndGlobalSection
EndGlobal
